{
    "default": {
        "oauth2": {
            "version": "==1.9.0.post1",
            "hash": "sha256:15b5c42301f46dd63113f1214b0d81a8b16254f65a86d3c32a1b52297f3266e6"
        },
        "gunicorn": {
            "version": "==19.6.0",
            "hash": "sha256:723234ea1fa8dff370ab69830ba8bc37469a7cba13fd66055faeef24085e6530"
        },
        "flask": {
            "version": "==0.12",
            "hash": "sha256:7f03bb2c255452444f7265eddb51601806e5447b6f8a2d50bbc77a654a14c118"
        },
        "click": {
            "version": "==6.7",
            "hash": "sha256:29f99fc6125fbc931b758dc053b3114e55c77a6e4c6c3a2674a2dc986016381d"
        },
        "MarkupSafe": {
            "version": "==0.23",
            "hash": "sha256:a4ec1aff59b95a14b45eb2e23761a0179e98319da5a7eb76b56ea8cdc7b871c3"
        },
        "flask-oauth": {
            "version": "==0.12",
            "hash": "sha256:74eb646b3e0b3b63d4adc36024d163033fc6d01f32cf01f9e9b6c8b562313ec6"
        },
        "httplib2": {
            "version": "==0.10.3",
            "hash": "sha256:e404d3b7bd86c1bc931906098e7c1305d6a3a6dcef141b8bb1059903abb3ceeb"
        },
        "Werkzeug": {
            "version": "==0.11.15",
            "hash": "sha256:c6f6f89124df0514d886782c658c3e12f2caaa94da34cee3fd82eebf4ebf052b"
        },
        "Jinja2": {
            "version": "==2.9.5",
            "hash": "sha256:a7b7438120dbe76a8e735ef7eba6048eaf4e0b7dbc530e100812f8ec462a4d50"
        },
        "requests": {
            "version": "==2.13.0",
            "hash": "sha256:1a720e8862a41aa22e339373b526f508ef0c8988baf48b84d3fc891a8e237efb"
        },
        "itsdangerous": {
            "version": "==0.24",
            "hash": "sha256:cbb3fcf8d3e33df861709ecaf89d9e6629cff0a217bc2848f1b41cd30d360519"
        }
    },
    "develop": {},
    "_meta": {
        "sources": [
            {
                "url": "https://pypi.python.org/simple",
                "verify_ssl": true
            }
        ],
        "requires": {},
        "hash": {
            "sha256": "664078bdfacd6743a322748c68ff568d21485c12b14c716d6b515fad9c50aef7"
        }
    }
}